// !$*UTF8*$!
{
	archiveVersion = 1;
	classes = {
	};
	objectVersion = 46;
	objects = {

/* Begin PBXBuildFile section */
		87FA706C196C52EF00EE0789 /* AppDelegate.swift in Sources */ = {isa = PBXBuildFile; fileRef = 87FA706B196C52EF00EE0789 /* AppDelegate.swift */; };
		87FA706E196C52EF00EE0789 /* ViewController.swift in Sources */ = {isa = PBXBuildFile; fileRef = 87FA706D196C52EF00EE0789 /* ViewController.swift */; };
		87FA7071196C52EF00EE0789 /* Main.storyboard in Resources */ = {isa = PBXBuildFile; fileRef = 87FA706F196C52EF00EE0789 /* Main.storyboard */; };
		87FA7073196C52EF00EE0789 /* Images.xcassets in Resources */ = {isa = PBXBuildFile; fileRef = 87FA7072196C52EF00EE0789 /* Images.xcassets */; };
		87FA707F196C52EF00EE0789 /* TicTacoToe_swiftTests.swift in Sources */ = {isa = PBXBuildFile; fileRef = 87FA707E196C52EF00EE0789 /* TicTacoToe_swiftTests.swift */; };
/* End PBXBuildFile section */

/* Begin PBXContainerItemProxy section */
		87FA7079196C52EF00EE0789 /* PBXContainerItemProxy */ = {
			isa = PBXContainerItemProxy;
			containerPortal = 87FA705E196C52EF00EE0789 /* Project object */;
			proxyType = 1;
			remoteGlobalIDString = 87FA7065196C52EF00EE0789;
			remoteInfo = "TicTacoToe-swift";
		};
		87FA7088196C52FE00EE0789 /* PBXContainerItemProxy */ = {
			isa = PBXContainerItemProxy;
			containerPortal = 87FA705E196C52EF00EE0789 /* Project object */;
			proxyType = 1;
			remoteGlobalIDString = 87FA7065196C52EF00EE0789;
			remoteInfo = "TicTacoToe-swift";
		};
/* End PBXContainerItemProxy section */

/* Begin PBXFileReference section */
		87FA7066196C52EF00EE0789 /* TicTacoToe-swift.app */ = {isa = PBXFileReference; explicitFileType = wrapper.application; includeInIndex = 0; path = "TicTacoToe-swift.app"; sourceTree = BUILT_PRODUCTS_DIR; };
		87FA706A196C52EF00EE0789 /* Info.plist */ = {isa = PBXFileReference; lastKnownFileType = text.plist.xml; path = Info.plist; sourceTree = "<group>"; };
		87FA706B196C52EF00EE0789 /* AppDelegate.swift */ = {isa = PBXFileReference; lastKnownFileType = sourcecode.swift; path = AppDelegate.swift; sourceTree = "<group>"; };
		87FA706D196C52EF00EE0789 /* ViewController.swift */ = {isa = PBXFileReference; lastKnownFileType = sourcecode.swift; path = ViewController.swift; sourceTree = "<group>"; };
		87FA7070196C52EF00EE0789 /* Base */ = {isa = PBXFileReference; lastKnownFileType = file.storyboard; name = Base; path = Base.lproj/Main.storyboard; sourceTree = "<group>"; };
		87FA7072196C52EF00EE0789 /* Images.xcassets */ = {isa = PBXFileReference; lastKnownFileType = folder.assetcatalog; path = Images.xcassets; sourceTree = "<group>"; };
		87FA7078196C52EF00EE0789 /* TicTacoToe-swiftTests.xctest */ = {isa = PBXFileReference; explicitFileType = wrapper.cfbundle; includeInIndex = 0; path = "TicTacoToe-swiftTests.xctest"; sourceTree = BUILT_PRODUCTS_DIR; };
		87FA707D196C52EF00EE0789 /* Info.plist */ = {isa = PBXFileReference; lastKnownFileType = text.plist.xml; path = Info.plist; sourceTree = "<group>"; };
		87FA707E196C52EF00EE0789 /* TicTacoToe_swiftTests.swift */ = {isa = PBXFileReference; lastKnownFileType = sourcecode.swift; path = TicTacoToe_swiftTests.swift; sourceTree = "<group>"; };
/* End PBXFileReference section */

/* Begin PBXFrameworksBuildPhase section */
		87FA7063196C52EF00EE0789 /* Frameworks */ = {
			isa = PBXFrameworksBuildPhase;
			buildActionMask = 2147483647;
			files = (
			);
			runOnlyForDeploymentPostprocessing = 0;
		};
		87FA7075196C52EF00EE0789 /* Frameworks */ = {
			isa = PBXFrameworksBuildPhase;
			buildActionMask = 2147483647;
			files = (
			);
			runOnlyForDeploymentPostprocessing = 0;
		};
/* End PBXFrameworksBuildPhase section */

/* Begin PBXGroup section */
		87FA705D196C52EF00EE0789 = {
			isa = PBXGroup;
			children = (
				87FA7068196C52EF00EE0789 /* TicTacoToe-swift */,
				87FA707B196C52EF00EE0789 /* TicTacoToe-swiftTests */,
				87FA7067196C52EF00EE0789 /* Products */,
			);
			sourceTree = "<group>";
		};
		87FA7067196C52EF00EE0789 /* Products */ = {
			isa = PBXGroup;
			children = (
				87FA7066196C52EF00EE0789 /* TicTacoToe-swift.app */,
				87FA7078196C52EF00EE0789 /* TicTacoToe-swiftTests.xctest */,
			);
			name = Products;
			sourceTree = "<group>";
		};
		87FA7068196C52EF00EE0789 /* TicTacoToe-swift */ = {
			isa = PBXGroup;
			children = (
				87FA706B196C52EF00EE0789 /* AppDelegate.swift */,
				87FA706D196C52EF00EE0789 /* ViewController.swift */,
				87FA706F196C52EF00EE0789 /* Main.storyboard */,
				87FA7072196C52EF00EE0789 /* Images.xcassets */,
				87FA7069196C52EF00EE0789 /* Supporting Files */,
			);
			path = "TicTacoToe-swift";
			sourceTree = "<group>";
		};
		87FA7069196C52EF00EE0789 /* Supporting Files */ = {
			isa = PBXGroup;
			children = (
				87FA706A196C52EF00EE0789 /* Info.plist */,
			);
			name = "Supporting Files";
			sourceTree = "<group>";
		};
		87FA707B196C52EF00EE0789 /* TicTacoToe-swiftTests */ = {
			isa = PBXGroup;
			children = (
				87FA707E196C52EF00EE0789 /* TicTacoToe_swiftTests.swift */,
				87FA707C196C52EF00EE0789 /* Supporting Files */,
			);
			path = "TicTacoToe-swiftTests";
			sourceTree = "<group>";
		};
		87FA707C196C52EF00EE0789 /* Supporting Files */ = {
			isa = PBXGroup;
			children = (
				87FA707D196C52EF00EE0789 /* Info.plist */,
			);
			name = "Supporting Files";
			sourceTree = "<group>";
		};
/* End PBXGroup section */

/* Begin PBXNativeTarget section */
		87FA7065196C52EF00EE0789 /* TicTacoToe-swift */ = {
			isa = PBXNativeTarget;
			buildConfigurationList = 87FA7082196C52EF00EE0789 /* Build configuration list for PBXNativeTarget "TicTacoToe-swift" */;
			buildPhases = (
				87FA7062196C52EF00EE0789 /* Sources */,
				87FA7063196C52EF00EE0789 /* Frameworks */,
				87FA7064196C52EF00EE0789 /* Resources */,
			);
			buildRules = (
			);
			dependencies = (
			);
			name = "TicTacoToe-swift";
			productName = "TicTacoToe-swift";
			productReference = 87FA7066196C52EF00EE0789 /* TicTacoToe-swift.app */;
			productType = "com.apple.product-type.application";
		};
		87FA7077196C52EF00EE0789 /* TicTacoToe-swiftTests */ = {
			isa = PBXNativeTarget;
			buildConfigurationList = 87FA7085196C52EF00EE0789 /* Build configuration list for PBXNativeTarget "TicTacoToe-swiftTests" */;
			buildPhases = (
				87FA7074196C52EF00EE0789 /* Sources */,
				87FA7075196C52EF00EE0789 /* Frameworks */,
				87FA7076196C52EF00EE0789 /* Resources */,
			);
			buildRules = (
			);
			dependencies = (
				87FA707A196C52EF00EE0789 /* PBXTargetDependency */,
				87FA7089196C52FE00EE0789 /* PBXTargetDependency */,
			);
			name = "TicTacoToe-swiftTests";
			productName = "TicTacoToe-swiftTests";
			productReference = 87FA7078196C52EF00EE0789 /* TicTacoToe-swiftTests.xctest */;
			productType = "com.apple.product-type.bundle.unit-test";
		};
/* End PBXNativeTarget section */

/* Begin PBXProject section */
		87FA705E196C52EF00EE0789 /* Project object */ = {
			isa = PBXProject;
			attributes = {
				LastUpgradeCheck = 0600;
				ORGANIZATIONNAME = "Cor Pruijs";
				TargetAttributes = {
					87FA7065196C52EF00EE0789 = {
						CreatedOnToolsVersion = 6.0;
					};
					87FA7077196C52EF00EE0789 = {
						CreatedOnToolsVersion = 6.0;
						TestTargetID = 87FA7065196C52EF00EE0789;
					};
				};
			};
			buildConfigurationList = 87FA7061196C52EF00EE0789 /* Build configuration list for PBXProject "TicTacoToe-swift" */;
			compatibilityVersion = "Xcode 3.2";
			developmentRegion = English;
			hasScannedForEncodings = 0;
			knownRegions = (
				en,
				Base,
			);
			mainGroup = 87FA705D196C52EF00EE0789;
			productRefGroup = 87FA7067196C52EF00EE0789 /* Products */;
			projectDirPath = "";
			projectRoot = "";
			targets = (
				87FA7065196C52EF00EE0789 /* TicTacoToe-swift */,
				87FA7077196C52EF00EE0789 /* TicTacoToe-swiftTests */,
			);
		};
/* End PBXProject section */

/* Begin PBXResourcesBuildPhase section */
		87FA7064196C52EF00EE0789 /* Resources */ = {
			isa = PBXResourcesBuildPhase;
			buildActionMask = 2147483647;
			files = (
				87FA7071196C52EF00EE0789 /* Main.storyboard in Resources */,
				87FA7073196C52EF00EE0789 /* Images.xcassets in Resources */,
			);
			runOnlyForDeploymentPostprocessing = 0;
		};
		87FA7076196C52EF00EE0789 /* Resources */ = {
			isa = PBXResourcesBuildPhase;
			buildActionMask = 2147483647;
			files = (
			);
			runOnlyForDeploymentPostprocessing = 0;
		};
/* End PBXResourcesBuildPhase section */

/* Begin PBXSourcesBuildPhase section */
		87FA7062196C52EF00EE0789 /* Sources */ = {
			isa = PBXSourcesBuildPhase;
			buildActionMask = 2147483647;
			files = (
				87FA706E196C52EF00EE0789 /* ViewController.swift in Sources */,
				87FA706C196C52EF00EE0789 /* AppDelegate.swift in Sources */,
			);
			runOnlyForDeploymentPostprocessing = 0;
		};
		87FA7074196C52EF00EE0789 /* Sources */ = {
			isa = PBXSourcesBuildPhase;
			buildActionMask = 2147483647;
			files = (
				87FA707F196C52EF00EE0789 /* TicTacoToe_swiftTests.swift in Sources */,
			);
			runOnlyForDeploymentPostprocessing = 0;
		};
/* End PBXSourcesBuildPhase section */

/* Begin PBXTargetDependency section */
		87FA707A196C52EF00EE0789 /* PBXTargetDependency */ = {
			isa = PBXTargetDependency;
			target = 87FA7065196C52EF00EE0789 /* TicTacoToe-swift */;
			targetProxy = 87FA7079196C52EF00EE0789 /* PBXContainerItemProxy */;
		};
		87FA7089196C52FE00EE0789 /* PBXTargetDependency */ = {
			isa = PBXTargetDependency;
			target = 87FA7065196C52EF00EE0789 /* TicTacoToe-swift */;
			targetProxy = 87FA7088196C52FE00EE0789 /* PBXContainerItemProxy */;
		};
/* End PBXTargetDependency section */

/* Begin PBXVariantGroup section */
		87FA706F196C52EF00EE0789 /* Main.storyboard */ = {
			isa = PBXVariantGroup;
			children = (
				87FA7070196C52EF00EE0789 /* Base */,
			);
			name = Main.storyboard;
			sourceTree = "<group>";
		};
/* End PBXVariantGroup section */

/* Begin XCBuildConfiguration section */
		87FA7080196C52EF00EE0789 /* Debug */ = {
			isa = XCBuildConfiguration;
			buildSettings = {
				ALWAYS_SEARCH_USER_PATHS = NO;
				CLANG_CXX_LANGUAGE_STANDARD = "gnu++0x";
				CLANG_CXX_LIBRARY = "libc++";
				CLANG_ENABLE_MODULES = YES;
				CLANG_ENABLE_OBJC_ARC = YES;
				CLANG_WARN_BOOL_CONVERSION = YES;
				CLANG_WARN_CONSTANT_CONVERSION = YES;
				CLANG_WARN_DIRECT_OBJC_ISA_USAGE = YES_ERROR;
				CLANG_WARN_EMPTY_BODY = YES;
				CLANG_WARN_ENUM_CONVERSION = YES;
				CLANG_WARN_INT_CONVERSION = YES;
				CLANG_WARN_OBJC_ROOT_CLASS = YES_ERROR;
				CLANG_WARN_UNREACHABLE_CODE = YES;
				CLANG_WARN__DUPLICATE_METHOD_MATCH = YES;
				"CODE_SIGN_IDENTITY[sdk=iphoneos*]" = "iPhone Developer";
				COPY_PHASE_STRIP = NO;
				ENABLE_STRICT_OBJC_MSGSEND = YES;
				GCC_C_LANGUAGE_STANDARD = gnu99;
				GCC_DYNAMIC_NO_PIC = NO;
				GCC_OPTIMIZATION_LEVEL = 0;
				GCC_PREPROCESSOR_DEFINITIONS = (
					"DEBUG=1",
					"$(inherited)",
				);
				GCC_SYMBOLS_PRIVATE_EXTERN = NO;
				GCC_WARN_64_TO_32_BIT_CONVERSION = YES;
				GCC_WARN_ABOUT_RETURN_TYPE = YES_ERROR;
				GCC_WARN_UNDECLARED_SELECTOR = YES;
				GCC_WARN_UNINITIALIZED_AUTOS = YES_AGGRESSIVE;
				GCC_WARN_UNUSED_FUNCTION = YES;
				GCC_WARN_UNUSED_VARIABLE = YES;
				IPHONEOS_DEPLOYMENT_TARGET = 8.0;
				MTL_ENABLE_DEBUG_INFO = YES;
				ONLY_ACTIVE_ARCH = YES;
				SDKROOT = iphoneos;
				SWIFT_OPTIMIZATION_LEVEL = "-Onone";
			};
			name = Debug;
		};
		87FA7081196C52EF00EE0789 /* Release */ = {
			isa = XCBuildConfiguration;
			buildSettings = {
				ALWAYS_SEARCH_USER_PATHS = NO;
				CLANG_CXX_LANGUAGE_STANDARD = "gnu++0x";
				CLANG_CXX_LIBRARY = "libc++";
				CLANG_ENABLE_MODULES = YES;
				CLANG_ENABLE_OBJC_ARC = YES;
				CLANG_WARN_BOOL_CONVERSION = YES;
				CLANG_WARN_CONSTANT_CONVERSION = YES;
				CLANG_WARN_DIRECT_OBJC_ISA_USAGE = YES_ERROR;
				CLANG_WARN_EMPTY_BODY = YES;
				CLANG_WARN_ENUM_CONVERSION = YES;
				CLANG_WARN_INT_CONVERSION = YES;
				CLANG_WARN_OBJC_ROOT_CLASS = YES_ERROR;
				CLANG_WARN_UNREACHABLE_CODE = YES;
				CLANG_WARN__DUPLICATE_METHOD_MATCH = YES;
				"CODE_SIGN_IDENTITY[sdk=iphoneos*]" = "iPhone Developer";
				COPY_PHASE_STRIP = YES;
				ENABLE_NS_ASSERTIONS = NO;
				ENABLE_STRICT_OBJC_MSGSEND = YES;
				GCC_C_LANGUAGE_STANDARD = gnu99;
				GCC_WARN_64_TO_32_BIT_CONVERSION = YES;
				GCC_WARN_ABOUT_RETURN_TYPE = YES_ERROR;
				GCC_WARN_UNDECLARED_SELECTOR = YES;
				GCC_WARN_UNINITIALIZED_AUTOS = YES_AGGRESSIVE;
				GCC_WARN_UNUSED_FUNCTION = YES;
				GCC_WARN_UNUSED_VARIABLE = YES;
				IPHONEOS_DEPLOYMENT_TARGET = 8.0;
				MTL_ENABLE_DEBUG_INFO = NO;
				SDKROOT = iphoneos;
				VALIDATE_PRODUCT = YES;
			};
			name = Release;
		};
		87FA7083196C52EF00EE0789 /* Debug */ = {
			isa = XCBuildConfiguration;
			buildSettings = {
				ASSETCATALOG_COMPILER_APPICON_NAME = AppIcon;
				ASSETCATALOG_COMPILER_LAUNCHIMAGE_NAME = LaunchImage;
				INFOPLIST_FILE = "TicTacoToe-swift/Info.plist";
				LD_RUNPATH_SEARCH_PATHS = "$(inherited) @executable_path/Frameworks";
				PRODUCT_NAME = "$(TARGET_NAME)";
			};
			name = Debug;
		};
		87FA7084196C52EF00EE0789 /* Release */ = {
			isa = XCBuildConfiguration;
			buildSettings = {
				ASSETCATALOG_COMPILER_APPICON_NAME = AppIcon;
				ASSETCATALOG_COMPILER_LAUNCHIMAGE_NAME = LaunchImage;
				INFOPLIST_FILE = "TicTacoToe-swift/Info.plist";
				LD_RUNPATH_SEARCH_PATHS = "$(inherited) @executable_path/Frameworks";
				PRODUCT_NAME = "$(TARGET_NAME)";
			};
			name = Release;
		};
		87FA7086196C52EF00EE0789 /* Debug */ = {
			isa = XCBuildConfiguration;
			buildSettings = {
				BUNDLE_LOADER = "$(BUILT_PRODUCTS_DIR)/TicTacoToe-swift.app/TicTacoToe-swift";
				FRAMEWORK_SEARCH_PATHS = (
					"$(SDKROOT)/Developer/Library/Frameworks",
					"$(inherited)",
				);
				GCC_PREPROCESSOR_DEFINITIONS = (
					"DEBUG=1",
					"$(inherited)",
				);
				INFOPLIST_FILE = "TicTacoToe-swiftTests/Info.plist";
				LD_RUNPATH_SEARCH_PATHS = "$(inherited) @executable_path/Frameworks @loader_path/Frameworks";
				PRODUCT_NAME = "$(TARGET_NAME)";
				TEST_HOST = "$(BUNDLE_LOADER)";
			};
			name = Debug;
		};
		87FA7087196C52EF00EE0789 /* Release */ = {
			isa = XCBuildConfiguration;
			buildSettings = {
				BUNDLE_LOADER = "$(BUILT_PRODUCTS_DIR)/TicTacoToe-swift.app/TicTacoToe-swift";
				FRAMEWORK_SEARCH_PATHS = (
					"$(SDKROOT)/Developer/Library/Frameworks",
					"$(inherited)",
				);
				INFOPLIST_FILE = "TicTacoToe-swiftTests/Info.plist";
				LD_RUNPATH_SEARCH_PATHS = "$(inherited) @executable_path/Frameworks @loader_path/Frameworks";
				PRODUCT_NAME = "$(TARGET_NAME)";
				TEST_HOST = "$(BUNDLE_LOADER)";
			};
			name = Release;
		};
/* End XCBuildConfiguration section */

/* Begin XCConfigurationList section */
		87FA7061196C52EF00EE0789 /* Build configuration list for PBXProject "TicTacoToe-swift" */ = {
			isa = XCConfigurationList;
			buildConfigurations = (
				87FA7080196C52EF00EE0789 /* Debug */,
				87FA7081196C52EF00EE0789 /* Release */,
			);
			defaultConfigurationIsVisible = 0;
			defaultConfigurationName = Release;
		};
		87FA7082196C52EF00EE0789 /* Build configuration list for PBXNativeTarget "TicTacoToe-swift" */ = {
			isa = XCConfigurationList;
			buildConfigurations = (
				87FA7083196C52EF00EE0789 /* Debug */,
				87FA7084196C52EF00EE0789 /* Release */,
			);
			defaultConfigurationIsVisible = 0;
		};
		87FA7085196C52EF00EE0789 /* Build configuration list for PBXNativeTarget "TicTacoToe-swiftTests" */ = {
			isa = XCConfigurationList;
			buildConfigurations = (
				87FA7086196C52EF00EE0789 /* Debug */,
				87FA7087196C52EF00EE0789 /* Release */,
			);
			defaultConfigurationIsVisible = 0;
		};
/* End XCConfigurationList section */
	};
	rootObject = 87FA705E196C52EF00EE0789 /* Project object */;
}
